
Microsoft Visual Studio Solution File, Format Version 12.00
# Visual Studio Version 17
VisualStudioVersion = 17.10.35027.167
MinimumVisualStudioVersion = 10.0.40219.1
Project("{FAE04EC0-301F-11D3-BF4B-00C04F79EFBC}") = "revisão", "revisão\revisão.csproj", "{D692CB9D-7C37-4064-9801-5F5ED8E9C6A8}"
EndProject
Global
	GlobalSection(SolutionConfigurationPlatforms) = preSolution
		Debug|Any CPU = Debug|Any CPU
		Release|Any CPU = Release|Any CPU
	EndGlobalSection
	GlobalSection(ProjectConfigurationPlatforms) = postSolution
		{D692CB9D-7C37-4064-9801-5F5ED8E9C6A8}.Debug|Any CPU.ActiveCfg = Debug|Any CPU
		{D692CB9D-7C37-4064-9801-5F5ED8E9C6A8}.Debug|Any CPU.Build.0 = Debug|Any CPU
		{D692CB9D-7C37-4064-9801-5F5ED8E9C6A8}.Release|Any CPU.ActiveCfg = Release|Any CPU
		{D692CB9D-7C37-4064-9801-5F5ED8E9C6A8}.Release|Any CPU.Build.0 = Release|Any CPU
	EndGlobalSection
	GlobalSection(SolutionProperties) = preSolution
		HideSolutionNode = FALSE
	EndGlobalSection
	GlobalSection(ExtensibilityGlobals) = postSolution
		SolutionGuid = {C54B2FB7-9B41-42E6-B22D-1F9C1476636E}
	EndGlobalSection
EndGlobal
